
Microsoft Visual Studio Solution File, Format Version 12.00
# Visual Studio Version 17
VisualStudioVersion = 17.1.32328.378
MinimumVisualStudioVersion = 10.0.40219.1
Project("{9A19103F-16F7-4668-BE54-9A1E7A4F7556}") = "Models", "student.models\Models.csproj", "{96EBBB0D-DA29-47A0-8BEE-291004EE65AE}"
EndProject
Project("{9A19103F-16F7-4668-BE54-9A1E7A4F7556}") = "Services", "Student.Services\Services.csproj", "{36C0F6C9-6372-40DA-96CB-77F70A454C7B}"
EndProject
Project("{9A19103F-16F7-4668-BE54-9A1E7A4F7556}") = "Infrastructure", "Student.infra\Infrastructure.csproj", "{ED0157D2-FBB2-4714-8AD5-6424AB5C9515}"
EndProject
Project("{9A19103F-16F7-4668-BE54-9A1E7A4F7556}") = "StudentAPI", "StudentAPI\StudentAPI.csproj", "{C2BE5780-0E52-4F1D-B322-52C3B16192A0}"
EndProject
Global
	GlobalSection(SolutionConfigurationPlatforms) = preSolution
		Debug|Any CPU = Debug|Any CPU
		Release|Any CPU = Release|Any CPU
	EndGlobalSection
	GlobalSection(ProjectConfigurationPlatforms) = postSolution
		{96EBBB0D-DA29-47A0-8BEE-291004EE65AE}.Debug|Any CPU.ActiveCfg = Debug|Any CPU
		{96EBBB0D-DA29-47A0-8BEE-291004EE65AE}.Debug|Any CPU.Build.0 = Debug|Any CPU
		{96EBBB0D-DA29-47A0-8BEE-291004EE65AE}.Release|Any CPU.ActiveCfg = Release|Any CPU
		{96EBBB0D-DA29-47A0-8BEE-291004EE65AE}.Release|Any CPU.Build.0 = Release|Any CPU
		{36C0F6C9-6372-40DA-96CB-77F70A454C7B}.Debug|Any CPU.ActiveCfg = Debug|Any CPU
		{36C0F6C9-6372-40DA-96CB-77F70A454C7B}.Debug|Any CPU.Build.0 = Debug|Any CPU
		{36C0F6C9-6372-40DA-96CB-77F70A454C7B}.Release|Any CPU.ActiveCfg = Release|Any CPU
		{36C0F6C9-6372-40DA-96CB-77F70A454C7B}.Release|Any CPU.Build.0 = Release|Any CPU
		{ED0157D2-FBB2-4714-8AD5-6424AB5C9515}.Debug|Any CPU.ActiveCfg = Debug|Any CPU
		{ED0157D2-FBB2-4714-8AD5-6424AB5C9515}.Debug|Any CPU.Build.0 = Debug|Any CPU
		{ED0157D2-FBB2-4714-8AD5-6424AB5C9515}.Release|Any CPU.ActiveCfg = Release|Any CPU
		{ED0157D2-FBB2-4714-8AD5-6424AB5C9515}.Release|Any CPU.Build.0 = Release|Any CPU
		{C2BE5780-0E52-4F1D-B322-52C3B16192A0}.Debug|Any CPU.ActiveCfg = Debug|Any CPU
		{C2BE5780-0E52-4F1D-B322-52C3B16192A0}.Debug|Any CPU.Build.0 = Debug|Any CPU
		{C2BE5780-0E52-4F1D-B322-52C3B16192A0}.Release|Any CPU.ActiveCfg = Release|Any CPU
		{C2BE5780-0E52-4F1D-B322-52C3B16192A0}.Release|Any CPU.Build.0 = Release|Any CPU
	EndGlobalSection
	GlobalSection(SolutionProperties) = preSolution
		HideSolutionNode = FALSE
	EndGlobalSection
	GlobalSection(ExtensibilityGlobals) = postSolution
		SolutionGuid = {E487DEAF-9BD9-4B77-8E2C-444283816B06}
	EndGlobalSection
EndGlobal
